
Microsoft Visual Studio Solution File, Format Version 12.00
# Visual Studio Version 16
VisualStudioVersion = 16.0.30309.148
MinimumVisualStudioVersion = 10.0.40219.1
Project("{FAE04EC0-301F-11D3-BF4B-00C04F79EFBC}") = "Animation Slide Panel 2", "Animation Slide Panel 2.csproj", "{E4A3A03C-78B2-49BA-9A3F-1AF215D1C535}"
EndProject
Global
	GlobalSection(SolutionConfigurationPlatforms) = preSolution
		Debug|Any CPU = Debug|Any CPU
		Release|Any CPU = Release|Any CPU
	EndGlobalSection
	GlobalSection(ProjectConfigurationPlatforms) = postSolution
		{E4A3A03C-78B2-49BA-9A3F-1AF215D1C535}.Debug|Any CPU.ActiveCfg = Debug|Any CPU
		{E4A3A03C-78B2-49BA-9A3F-1AF215D1C535}.Debug|Any CPU.Build.0 = Debug|Any CPU
		{E4A3A03C-78B2-49BA-9A3F-1AF215D1C535}.Release|Any CPU.ActiveCfg = Release|Any CPU
		{E4A3A03C-78B2-49BA-9A3F-1AF215D1C535}.Release|Any CPU.Build.0 = Release|Any CPU
	EndGlobalSection
	GlobalSection(SolutionProperties) = preSolution
		HideSolutionNode = FALSE
	EndGlobalSection
	GlobalSection(ExtensibilityGlobals) = postSolution
		SolutionGuid = {A4ABFCD9-43DA-4C5E-A622-8DB665867233}
	EndGlobalSection
EndGlobal
